git.taservs.net/ljohnston/example2 v0.0.0-20230227173545-a485a8dcbe43 h1:7dDwjDXVnwfDaOjQ0sowUSqNhJjKiqZzI92ue3CAZKo=
git.taservs.net/ljohnston/example2 v0.0.0-20230227173545-a485a8dcbe43/go.mod h1:tEX8WHVSDs50rYYugrnnjDmweG9yD1FveI8QgEj4914=
git.taservs.net/ljohnston/example2 v0.0.0-20230227174115-700f7ed164bb h1:AsiBzVo5zkXMXbB0Cnq4vTpfisIWjulPU/19N80hesU=
git.taservs.net/ljohnston/example2 v0.0.0-20230227174115-700f7ed164bb/go.mod h1:tEX8WHVSDs50rYYugrnnjDmweG9yD1FveI8QgEj4914=
